
Microsoft Visual Studio Solution File, Format Version 12.00
# Visual Studio 2012
Project("{FAE04EC0-301F-11D3-BF4B-00C04F79EFBC}") = "MailClient", "MailClient.csproj", "{7996947E-D97D-4361-88FF-048D9698F8D3}"
EndProject
Global
	GlobalSection(SolutionConfigurationPlatforms) = preSolution
		Debug|Any CPU = Debug|Any CPU
		Release|Any CPU = Release|Any CPU
	EndGlobalSection
	GlobalSection(ProjectConfigurationPlatforms) = postSolution
		{7996947E-D97D-4361-88FF-048D9698F8D3}.Debug|Any CPU.ActiveCfg = Debug|Any CPU
		{7996947E-D97D-4361-88FF-048D9698F8D3}.Debug|Any CPU.Build.0 = Debug|Any CPU
		{7996947E-D97D-4361-88FF-048D9698F8D3}.Release|Any CPU.ActiveCfg = Release|Any CPU
		{7996947E-D97D-4361-88FF-048D9698F8D3}.Release|Any CPU.Build.0 = Release|Any CPU
	EndGlobalSection
	GlobalSection(SolutionProperties) = preSolution
		HideSolutionNode = FALSE
	EndGlobalSection
EndGlobal
